
Microsoft Visual Studio Solution File, Format Version 12.00
# Visual Studio Version 16
VisualStudioVersion = 16.0.30907.101
MinimumVisualStudioVersion = 10.0.40219.1
Project("{9A19103F-16F7-4668-BE54-9A1E7A4F7556}") = "SalaoT2.Dominio", "SalaoT2.Dominio\SalaoT2.Dominio.csproj", "{351E5E4C-8130-4C0A-A34A-EE76B6D86CF0}"
EndProject
Project("{FAE04EC0-301F-11D3-BF4B-00C04F79EFBC}") = "SalaoT2.Data", "SalaoT2.Data\SalaoT2.Data.csproj", "{6812F173-597B-4E30-B754-A99364B511C7}"
EndProject
Project("{FAE04EC0-301F-11D3-BF4B-00C04F79EFBC}") = "SalaoT2.Api", "SalaoT2.Api\SalaoT2.Api.csproj", "{DC52B459-0748-4246-9C1D-1159257317DE}"
EndProject
Global
	GlobalSection(SolutionConfigurationPlatforms) = preSolution
		Debug|Any CPU = Debug|Any CPU
		Release|Any CPU = Release|Any CPU
	EndGlobalSection
	GlobalSection(ProjectConfigurationPlatforms) = postSolution
		{351E5E4C-8130-4C0A-A34A-EE76B6D86CF0}.Debug|Any CPU.ActiveCfg = Debug|Any CPU
		{351E5E4C-8130-4C0A-A34A-EE76B6D86CF0}.Debug|Any CPU.Build.0 = Debug|Any CPU
		{351E5E4C-8130-4C0A-A34A-EE76B6D86CF0}.Release|Any CPU.ActiveCfg = Release|Any CPU
		{351E5E4C-8130-4C0A-A34A-EE76B6D86CF0}.Release|Any CPU.Build.0 = Release|Any CPU
		{6812F173-597B-4E30-B754-A99364B511C7}.Debug|Any CPU.ActiveCfg = Debug|Any CPU
		{6812F173-597B-4E30-B754-A99364B511C7}.Debug|Any CPU.Build.0 = Debug|Any CPU
		{6812F173-597B-4E30-B754-A99364B511C7}.Release|Any CPU.ActiveCfg = Release|Any CPU
		{6812F173-597B-4E30-B754-A99364B511C7}.Release|Any CPU.Build.0 = Release|Any CPU
		{DC52B459-0748-4246-9C1D-1159257317DE}.Debug|Any CPU.ActiveCfg = Debug|Any CPU
		{DC52B459-0748-4246-9C1D-1159257317DE}.Debug|Any CPU.Build.0 = Debug|Any CPU
		{DC52B459-0748-4246-9C1D-1159257317DE}.Release|Any CPU.ActiveCfg = Release|Any CPU
		{DC52B459-0748-4246-9C1D-1159257317DE}.Release|Any CPU.Build.0 = Release|Any CPU
	EndGlobalSection
	GlobalSection(SolutionProperties) = preSolution
		HideSolutionNode = FALSE
	EndGlobalSection
	GlobalSection(ExtensibilityGlobals) = postSolution
		SolutionGuid = {66CD418A-B0EF-404E-92AB-6FEBB7856A97}
	EndGlobalSection
EndGlobal
